{
  "name": "ai4job",
  "version": "1.0.0",
  "lockfileVersion": 3,
  "requires": true,
  "packages": {
    "": {
      "name": "ai4job",
      "version": "1.0.0",
      "dependencies": {
        "undici": "^8.0.2"
      }
    },
    "node_modules/undici": {
      "version": "8.0.2",
      "resolved": "https://registry.npmjs.org/undici/-/undici-8.0.2.tgz",
      "integrity": "sha512-B9MeU5wuFhkFAuNeA19K2GDFcQXZxq33fL0nRy2Aq30wdufZbyyvxW3/ChaeipXVfy/wUweZyzovQGk39+9k2w==",
      "license": "MIT",
      "engines": {
        "node": ">=22.19.0"
      }
    }
  }
}
